
Microsoft Visual Studio Solution File, Format Version 12.00
# Visual Studio Version 17
VisualStudioVersion = 17.3.32804.467
MinimumVisualStudioVersion = 10.0.40219.1
Project("{FAE04EC0-301F-11D3-BF4B-00C04F79EFBC}") = "Sandbox", "Sandbox.csproj", "{45D5C06F-4412-4205-807F-2836ABF6B226}"
EndProject
Global
	GlobalSection(SolutionConfigurationPlatforms) = preSolution
		Debug|Any CPU = Debug|Any CPU
		Release|Any CPU = Release|Any CPU
	EndGlobalSection
	GlobalSection(ProjectConfigurationPlatforms) = postSolution
		{45D5C06F-4412-4205-807F-2836ABF6B226}.Debug|Any CPU.ActiveCfg = Debug|Any CPU
		{45D5C06F-4412-4205-807F-2836ABF6B226}.Debug|Any CPU.Build.0 = Debug|Any CPU
		{45D5C06F-4412-4205-807F-2836ABF6B226}.Release|Any CPU.ActiveCfg = Release|Any CPU
		{45D5C06F-4412-4205-807F-2836ABF6B226}.Release|Any CPU.Build.0 = Release|Any CPU
	EndGlobalSection
	GlobalSection(SolutionProperties) = preSolution
		HideSolutionNode = FALSE
	EndGlobalSection
	GlobalSection(ExtensibilityGlobals) = postSolution
		SolutionGuid = {AD63617F-9159-4528-A3BC-795E73B111E4}
	EndGlobalSection
EndGlobal
